
Microsoft Visual Studio Solution File, Format Version 12.00
# Visual Studio Version 17
VisualStudioVersion = 17.13.35931.197 d17.13
MinimumVisualStudioVersion = 10.0.40219.1
Project("{FAE04EC0-301F-11D3-BF4B-00C04F79EFBC}") = "WPFapostarM", "WPFapostarM.csproj", "{0A6090F7-4F2C-4A64-905D-36E572DD5025}"
EndProject
Global
	GlobalSection(SolutionConfigurationPlatforms) = preSolution
		Debug|Any CPU = Debug|Any CPU
		Release|Any CPU = Release|Any CPU
	EndGlobalSection
	GlobalSection(ProjectConfigurationPlatforms) = postSolution
		{0A6090F7-4F2C-4A64-905D-36E572DD5025}.Debug|Any CPU.ActiveCfg = Debug|Any CPU
		{0A6090F7-4F2C-4A64-905D-36E572DD5025}.Debug|Any CPU.Build.0 = Debug|Any CPU
		{0A6090F7-4F2C-4A64-905D-36E572DD5025}.Release|Any CPU.ActiveCfg = Release|Any CPU
		{0A6090F7-4F2C-4A64-905D-36E572DD5025}.Release|Any CPU.Build.0 = Release|Any CPU
	EndGlobalSection
	GlobalSection(SolutionProperties) = preSolution
		HideSolutionNode = FALSE
	EndGlobalSection
	GlobalSection(ExtensibilityGlobals) = postSolution
		SolutionGuid = {82526468-07AB-44D5-989A-18DE7F89B740}
	EndGlobalSection
EndGlobal
